
Microsoft Visual Studio Solution File, Format Version 12.00
# Visual Studio Version 16
VisualStudioVersion = 25.0.1706.14
MinimumVisualStudioVersion = 10.0.40219.1
Project("{FAE04EC0-301F-11D3-BF4B-00C04F79EFBC}") = "HelloWorldApp", "HelloWorldApp\HelloWorldApp.csproj", "{83626DF3-EDBE-45C6-B314-CA21C57EE4FE}"
EndProject
Global
	GlobalSection(SolutionConfigurationPlatforms) = preSolution
		Debug|Any CPU = Debug|Any CPU
		Release|Any CPU = Release|Any CPU
	EndGlobalSection
	GlobalSection(ProjectConfigurationPlatforms) = postSolution
		{83626DF3-EDBE-45C6-B314-CA21C57EE4FE}.Debug|Any CPU.ActiveCfg = Debug|Any CPU
		{83626DF3-EDBE-45C6-B314-CA21C57EE4FE}.Debug|Any CPU.Build.0 = Debug|Any CPU
		{83626DF3-EDBE-45C6-B314-CA21C57EE4FE}.Release|Any CPU.ActiveCfg = Release|Any CPU
		{83626DF3-EDBE-45C6-B314-CA21C57EE4FE}.Release|Any CPU.Build.0 = Release|Any CPU
	EndGlobalSection
	GlobalSection(SolutionProperties) = preSolution
		HideSolutionNode = FALSE
	EndGlobalSection
	GlobalSection(ExtensibilityGlobals) = postSolution
		SolutionGuid = {8C446491-46BD-44EF-9C7B-07080094FBC6}
	EndGlobalSection
EndGlobal
